{
  "name": "master-merchant",
  "version": "0.0.0",
  "lockfileVersion": 1,
  "requires": true,
  "dependencies": {
    "coffeescript": {
      "version": "2.3.0",
      "resolved": "https://registry.npmjs.org/coffeescript/-/coffeescript-2.3.0.tgz",
      "integrity": "sha512-M1AINTgv6EvFAK92LeaYdHUzsTE+j97kBQyLHjfnMz1jh21rJMjdTe471Zgs+qK7Tavpbh5e4pP2VxcRTFxm9A==",
      "dev": true
    }
  }
}
